
Microsoft Visual Studio Solution File, Format Version 12.00
# Visual Studio 2013
VisualStudioVersion = 12.0.31101.0
MinimumVisualStudioVersion = 10.0.40219.1
Project("{FAE04EC0-301F-11D3-BF4B-00C04F79EFBC}") = "Modoki", "Modoki\Modoki.csproj", "{694947F0-19DC-41E1-8DA7-DECE3C61104C}"
EndProject
Project("{2150E333-8FDC-42A3-9474-1A3956D46DE8}") = ".nuget", ".nuget", "{2EEC85A1-955D-46F3-BF62-3605572DCA16}"
	ProjectSection(SolutionItems) = preProject
		.nuget\NuGet.Config = .nuget\NuGet.Config
		.nuget\NuGet.exe = .nuget\NuGet.exe
		.nuget\NuGet.targets = .nuget\NuGet.targets
	EndProjectSection
EndProject
Global
	GlobalSection(SolutionConfigurationPlatforms) = preSolution
		Debug|x86 = Debug|x86
		Release|x86 = Release|x86
	EndGlobalSection
	GlobalSection(ProjectConfigurationPlatforms) = postSolution
		{694947F0-19DC-41E1-8DA7-DECE3C61104C}.Debug|x86.ActiveCfg = Debug|x86
		{694947F0-19DC-41E1-8DA7-DECE3C61104C}.Debug|x86.Build.0 = Debug|x86
		{694947F0-19DC-41E1-8DA7-DECE3C61104C}.Release|x86.ActiveCfg = Release|x86
		{694947F0-19DC-41E1-8DA7-DECE3C61104C}.Release|x86.Build.0 = Release|x86
	EndGlobalSection
	GlobalSection(SolutionProperties) = preSolution
		HideSolutionNode = FALSE
	EndGlobalSection
EndGlobal
